// !$*UTF8*$!
{
	archiveVersion = 1;
	classes = {
	};
	objectVersion = 52;
	objects = {

/* Begin PBXBuildFile section */
		418B942C24E880090014101E /* AVCaptureView in Frameworks */ = {isa = PBXBuildFile; productRef = 418B942B24E880090014101E /* AVCaptureView */; };
		41C1161A24E59BD800B977FC /* RecordVideoViewController.swift in Sources */ = {isa = PBXBuildFile; fileRef = 41C1161924E59BD800B977FC /* RecordVideoViewController.swift */; };
		41C1161D24E59BF000B977FC /* MergeVideoViewController.swift in Sources */ = {isa = PBXBuildFile; fileRef = 41C1161B24E59BF000B977FC /* MergeVideoViewController.swift */; };
		41C1162124E59DC500B977FC /* VideoHelper.swift in Sources */ = {isa = PBXBuildFile; fileRef = 41C1161F24E59DC500B977FC /* VideoHelper.swift */; };
		41EDF27F24E1C7C600FFB199 /* AppDelegate.swift in Sources */ = {isa = PBXBuildFile; fileRef = 41EDF27E24E1C7C600FFB199 /* AppDelegate.swift */; };
		41EDF28124E1C7C600FFB199 /* PlayVideoViewController.swift in Sources */ = {isa = PBXBuildFile; fileRef = 41EDF28024E1C7C600FFB199 /* PlayVideoViewController.swift */; };
		41EDF28324E1C7C700FFB199 /* Assets.xcassets in Resources */ = {isa = PBXBuildFile; fileRef = 41EDF28224E1C7C700FFB199 /* Assets.xcassets */; };
		41EDF28624E1C7C700FFB199 /* Main.storyboard in Resources */ = {isa = PBXBuildFile; fileRef = 41EDF28424E1C7C700FFB199 /* Main.storyboard */; };
		41EDF29424E32E0800FFB199 /* AVFoundation.framework in Frameworks */ = {isa = PBXBuildFile; fileRef = 41EDF29324E32E0800FFB199 /* AVFoundation.framework */; };
		41EDF29624E32E2B00FFB199 /* AVKit.framework in Frameworks */ = {isa = PBXBuildFile; fileRef = 41EDF29524E32E2B00FFB199 /* AVKit.framework */; };
/* End PBXBuildFile section */

/* Begin PBXFileReference section */
		41C1161824E598F200B977FC /* README.md */ = {isa = PBXFileReference; lastKnownFileType = net.daringfireball.markdown; path = README.md; sourceTree = "<group>"; };
		41C1161924E59BD800B977FC /* RecordVideoViewController.swift */ = {isa = PBXFileReference; lastKnownFileType = sourcecode.swift; path = RecordVideoViewController.swift; sourceTree = "<group>"; };
		41C1161B24E59BF000B977FC /* MergeVideoViewController.swift */ = {isa = PBXFileReference; lastKnownFileType = sourcecode.swift; path = MergeVideoViewController.swift; sourceTree = "<group>"; };
		41C1161F24E59DC500B977FC /* VideoHelper.swift */ = {isa = PBXFileReference; lastKnownFileType = sourcecode.swift; path = VideoHelper.swift; sourceTree = "<group>"; };
		41EDF27B24E1C7C600FFB199 /* MacVideoNinja.app */ = {isa = PBXFileReference; explicitFileType = wrapper.application; includeInIndex = 0; path = MacVideoNinja.app; sourceTree = BUILT_PRODUCTS_DIR; };
		41EDF27E24E1C7C600FFB199 /* AppDelegate.swift */ = {isa = PBXFileReference; lastKnownFileType = sourcecode.swift; path = AppDelegate.swift; sourceTree = "<group>"; };
		41EDF28024E1C7C600FFB199 /* PlayVideoViewController.swift */ = {isa = PBXFileReference; lastKnownFileType = sourcecode.swift; path = PlayVideoViewController.swift; sourceTree = "<group>"; };
		41EDF28224E1C7C700FFB199 /* Assets.xcassets */ = {isa = PBXFileReference; lastKnownFileType = folder.assetcatalog; path = Assets.xcassets; sourceTree = "<group>"; };
		41EDF28524E1C7C700FFB199 /* Base */ = {isa = PBXFileReference; lastKnownFileType = file.storyboard; name = Base; path = Base.lproj/Main.storyboard; sourceTree = "<group>"; };
		41EDF28724E1C7C700FFB199 /* Info.plist */ = {isa = PBXFileReference; lastKnownFileType = text.plist.xml; path = Info.plist; sourceTree = "<group>"; };
		41EDF28824E1C7C700FFB199 /* MacVideoNinja.entitlements */ = {isa = PBXFileReference; lastKnownFileType = text.plist.entitlements; path = MacVideoNinja.entitlements; sourceTree = "<group>"; };
		41EDF29324E32E0800FFB199 /* AVFoundation.framework */ = {isa = PBXFileReference; lastKnownFileType = wrapper.framework; name = AVFoundation.framework; path = System/Library/Frameworks/AVFoundation.framework; sourceTree = SDKROOT; };
		41EDF29524E32E2B00FFB199 /* AVKit.framework */ = {isa = PBXFileReference; lastKnownFileType = wrapper.framework; name = AVKit.framework; path = System/Library/Frameworks/AVKit.framework; sourceTree = SDKROOT; };
/* End PBXFileReference section */

/* Begin PBXFrameworksBuildPhase section */
		41EDF27824E1C7C600FFB199 /* Frameworks */ = {
			isa = PBXFrameworksBuildPhase;
			buildActionMask = 2147483647;
			files = (
				41EDF29624E32E2B00FFB199 /* AVKit.framework in Frameworks */,
				418B942C24E880090014101E /* AVCaptureView in Frameworks */,
				41EDF29424E32E0800FFB199 /* AVFoundation.framework in Frameworks */,
			);
			runOnlyForDeploymentPostprocessing = 0;
		};
/* End PBXFrameworksBuildPhase section */

/* Begin PBXGroup section */
		41EDF27224E1C7C600FFB199 = {
			isa = PBXGroup;
			children = (
				41C1161824E598F200B977FC /* README.md */,
				41EDF27D24E1C7C600FFB199 /* MacVideoNinja */,
				41EDF27C24E1C7C600FFB199 /* Products */,
				41EDF29224E32E0800FFB199 /* Frameworks */,
			);
			sourceTree = "<group>";
		};
		41EDF27C24E1C7C600FFB199 /* Products */ = {
			isa = PBXGroup;
			children = (
				41EDF27B24E1C7C600FFB199 /* MacVideoNinja.app */,
			);
			name = Products;
			sourceTree = "<group>";
		};
		41EDF27D24E1C7C600FFB199 /* MacVideoNinja */ = {
			isa = PBXGroup;
			children = (
				41EDF27E24E1C7C600FFB199 /* AppDelegate.swift */,
				41EDF28024E1C7C600FFB199 /* PlayVideoViewController.swift */,
				41C1161924E59BD800B977FC /* RecordVideoViewController.swift */,
				41C1161B24E59BF000B977FC /* MergeVideoViewController.swift */,
				41C1161F24E59DC500B977FC /* VideoHelper.swift */,
				41EDF28224E1C7C700FFB199 /* Assets.xcassets */,
				41EDF28424E1C7C700FFB199 /* Main.storyboard */,
				41EDF28724E1C7C700FFB199 /* Info.plist */,
				41EDF28824E1C7C700FFB199 /* MacVideoNinja.entitlements */,
			);
			path = MacVideoNinja;
			sourceTree = "<group>";
		};
		41EDF29224E32E0800FFB199 /* Frameworks */ = {
			isa = PBXGroup;
			children = (
				41EDF29524E32E2B00FFB199 /* AVKit.framework */,
				41EDF29324E32E0800FFB199 /* AVFoundation.framework */,
			);
			name = Frameworks;
			sourceTree = "<group>";
		};
/* End PBXGroup section */

/* Begin PBXNativeTarget section */
		41EDF27A24E1C7C600FFB199 /* MacVideoNinja */ = {
			isa = PBXNativeTarget;
			buildConfigurationList = 41EDF28B24E1C7C700FFB199 /* Build configuration list for PBXNativeTarget "MacVideoNinja" */;
			buildPhases = (
				41EDF27724E1C7C600FFB199 /* Sources */,
				41EDF27824E1C7C600FFB199 /* Frameworks */,
				41EDF27924E1C7C600FFB199 /* Resources */,
			);
			buildRules = (
			);
			dependencies = (
			);
			name = MacVideoNinja;
			packageProductDependencies = (
				418B942B24E880090014101E /* AVCaptureView */,
			);
			productName = MacVideoNinja;
			productReference = 41EDF27B24E1C7C600FFB199 /* MacVideoNinja.app */;
			productType = "com.apple.product-type.application";
		};
/* End PBXNativeTarget section */

/* Begin PBXProject section */
		41EDF27324E1C7C600FFB199 /* Project object */ = {
			isa = PBXProject;
			attributes = {
				LastSwiftUpdateCheck = 1160;
				LastUpgradeCheck = 1160;
				ORGANIZATIONNAME = "Steve Sheets";
				TargetAttributes = {
					41EDF27A24E1C7C600FFB199 = {
						CreatedOnToolsVersion = 11.6;
					};
				};
			};
			buildConfigurationList = 41EDF27624E1C7C600FFB199 /* Build configuration list for PBXProject "MacVideoNinja" */;
			compatibilityVersion = "Xcode 9.3";
			developmentRegion = en;
			hasScannedForEncodings = 0;
			knownRegions = (
				en,
				Base,
			);
			mainGroup = 41EDF27224E1C7C600FFB199;
			packageReferences = (
				418B942A24E880090014101E /* XCRemoteSwiftPackageReference "AVCaptureView" */,
			);
			productRefGroup = 41EDF27C24E1C7C600FFB199 /* Products */;
			projectDirPath = "";
			projectRoot = "";
			targets = (
				41EDF27A24E1C7C600FFB199 /* MacVideoNinja */,
			);
		};
/* End PBXProject section */

/* Begin PBXResourcesBuildPhase section */
		41EDF27924E1C7C600FFB199 /* Resources */ = {
			isa = PBXResourcesBuildPhase;
			buildActionMask = 2147483647;
			files = (
				41EDF28324E1C7C700FFB199 /* Assets.xcassets in Resources */,
				41EDF28624E1C7C700FFB199 /* Main.storyboard in Resources */,
			);
			runOnlyForDeploymentPostprocessing = 0;
		};
/* End PBXResourcesBuildPhase section */

/* Begin PBXSourcesBuildPhase section */
		41EDF27724E1C7C600FFB199 /* Sources */ = {
			isa = PBXSourcesBuildPhase;
			buildActionMask = 2147483647;
			files = (
				41EDF28124E1C7C600FFB199 /* PlayVideoViewController.swift in Sources */,
				41C1161A24E59BD800B977FC /* RecordVideoViewController.swift in Sources */,
				41EDF27F24E1C7C600FFB199 /* AppDelegate.swift in Sources */,
				41C1162124E59DC500B977FC /* VideoHelper.swift in Sources */,
				41C1161D24E59BF000B977FC /* MergeVideoViewController.swift in Sources */,
			);
			runOnlyForDeploymentPostprocessing = 0;
		};
/* End PBXSourcesBuildPhase section */

/* Begin PBXVariantGroup section */
		41EDF28424E1C7C700FFB199 /* Main.storyboard */ = {
			isa = PBXVariantGroup;
			children = (
				41EDF28524E1C7C700FFB199 /* Base */,
			);
			name = Main.storyboard;
			sourceTree = "<group>";
		};
/* End PBXVariantGroup section */

/* Begin XCBuildConfiguration section */
		41EDF28924E1C7C700FFB199 /* Debug */ = {
			isa = XCBuildConfiguration;
			buildSettings = {
				ALWAYS_SEARCH_USER_PATHS = NO;
				CLANG_ANALYZER_NONNULL = YES;
				CLANG_ANALYZER_NUMBER_OBJECT_CONVERSION = YES_AGGRESSIVE;
				CLANG_CXX_LANGUAGE_STANDARD = "gnu++14";
				CLANG_CXX_LIBRARY = "libc++";
				CLANG_ENABLE_MODULES = YES;
				CLANG_ENABLE_OBJC_ARC = YES;
				CLANG_ENABLE_OBJC_WEAK = YES;
				CLANG_WARN_BLOCK_CAPTURE_AUTORELEASING = YES;
				CLANG_WARN_BOOL_CONVERSION = YES;
				CLANG_WARN_COMMA = YES;
				CLANG_WARN_CONSTANT_CONVERSION = YES;
				CLANG_WARN_DEPRECATED_OBJC_IMPLEMENTATIONS = YES;
				CLANG_WARN_DIRECT_OBJC_ISA_USAGE = YES_ERROR;
				CLANG_WARN_DOCUMENTATION_COMMENTS = YES;
				CLANG_WARN_EMPTY_BODY = YES;
				CLANG_WARN_ENUM_CONVERSION = YES;
				CLANG_WARN_INFINITE_RECURSION = YES;
				CLANG_WARN_INT_CONVERSION = YES;
				CLANG_WARN_NON_LITERAL_NULL_CONVERSION = YES;
				CLANG_WARN_OBJC_IMPLICIT_RETAIN_SELF = YES;
				CLANG_WARN_OBJC_LITERAL_CONVERSION = YES;
				CLANG_WARN_OBJC_ROOT_CLASS = YES_ERROR;
				CLANG_WARN_RANGE_LOOP_ANALYSIS = YES;
				CLANG_WARN_STRICT_PROTOTYPES = YES;
				CLANG_WARN_SUSPICIOUS_MOVE = YES;
				CLANG_WARN_UNGUARDED_AVAILABILITY = YES_AGGRESSIVE;
				CLANG_WARN_UNREACHABLE_CODE = YES;
				CLANG_WARN__DUPLICATE_METHOD_MATCH = YES;
				COPY_PHASE_STRIP = NO;
				DEBUG_INFORMATION_FORMAT = dwarf;
				ENABLE_STRICT_OBJC_MSGSEND = YES;
				ENABLE_TESTABILITY = YES;
				GCC_C_LANGUAGE_STANDARD = gnu11;
				GCC_DYNAMIC_NO_PIC = NO;
				GCC_NO_COMMON_BLOCKS = YES;
				GCC_OPTIMIZATION_LEVEL = 0;
				GCC_PREPROCESSOR_DEFINITIONS = (
					"DEBUG=1",
					"$(inherited)",
				);
				GCC_WARN_64_TO_32_BIT_CONVERSION = YES;
				GCC_WARN_ABOUT_RETURN_TYPE = YES_ERROR;
				GCC_WARN_UNDECLARED_SELECTOR = YES;
				GCC_WARN_UNINITIALIZED_AUTOS = YES_AGGRESSIVE;
				GCC_WARN_UNUSED_FUNCTION = YES;
				GCC_WARN_UNUSED_VARIABLE = YES;
				MACOSX_DEPLOYMENT_TARGET = 10.15;
				MTL_ENABLE_DEBUG_INFO = INCLUDE_SOURCE;
				MTL_FAST_MATH = YES;
				ONLY_ACTIVE_ARCH = YES;
				SDKROOT = macosx;
				SWIFT_ACTIVE_COMPILATION_CONDITIONS = DEBUG;
				SWIFT_OPTIMIZATION_LEVEL = "-Onone";
			};
			name = Debug;
		};
		41EDF28A24E1C7C700FFB199 /* Release */ = {
			isa = XCBuildConfiguration;
			buildSettings = {
				ALWAYS_SEARCH_USER_PATHS = NO;
				CLANG_ANALYZER_NONNULL = YES;
				CLANG_ANALYZER_NUMBER_OBJECT_CONVERSION = YES_AGGRESSIVE;
				CLANG_CXX_LANGUAGE_STANDARD = "gnu++14";
				CLANG_CXX_LIBRARY = "libc++";
				CLANG_ENABLE_MODULES = YES;
				CLANG_ENABLE_OBJC_ARC = YES;
				CLANG_ENABLE_OBJC_WEAK = YES;
				CLANG_WARN_BLOCK_CAPTURE_AUTORELEASING = YES;
				CLANG_WARN_BOOL_CONVERSION = YES;
				CLANG_WARN_COMMA = YES;
				CLANG_WARN_CONSTANT_CONVERSION = YES;
				CLANG_WARN_DEPRECATED_OBJC_IMPLEMENTATIONS = YES;
				CLANG_WARN_DIRECT_OBJC_ISA_USAGE = YES_ERROR;
				CLANG_WARN_DOCUMENTATION_COMMENTS = YES;
				CLANG_WARN_EMPTY_BODY = YES;
				CLANG_WARN_ENUM_CONVERSION = YES;
				CLANG_WARN_INFINITE_RECURSION = YES;
				CLANG_WARN_INT_CONVERSION = YES;
				CLANG_WARN_NON_LITERAL_NULL_CONVERSION = YES;
				CLANG_WARN_OBJC_IMPLICIT_RETAIN_SELF = YES;
				CLANG_WARN_OBJC_LITERAL_CONVERSION = YES;
				CLANG_WARN_OBJC_ROOT_CLASS = YES_ERROR;
				CLANG_WARN_RANGE_LOOP_ANALYSIS = YES;
				CLANG_WARN_STRICT_PROTOTYPES = YES;
				CLANG_WARN_SUSPICIOUS_MOVE = YES;
				CLANG_WARN_UNGUARDED_AVAILABILITY = YES_AGGRESSIVE;
				CLANG_WARN_UNREACHABLE_CODE = YES;
				CLANG_WARN__DUPLICATE_METHOD_MATCH = YES;
				COPY_PHASE_STRIP = NO;
				DEBUG_INFORMATION_FORMAT = "dwarf-with-dsym";
				ENABLE_NS_ASSERTIONS = NO;
				ENABLE_STRICT_OBJC_MSGSEND = YES;
				GCC_C_LANGUAGE_STANDARD = gnu11;
				GCC_NO_COMMON_BLOCKS = YES;
				GCC_WARN_64_TO_32_BIT_CONVERSION = YES;
				GCC_WARN_ABOUT_RETURN_TYPE = YES_ERROR;
				GCC_WARN_UNDECLARED_SELECTOR = YES;
				GCC_WARN_UNINITIALIZED_AUTOS = YES_AGGRESSIVE;
				GCC_WARN_UNUSED_FUNCTION = YES;
				GCC_WARN_UNUSED_VARIABLE = YES;
				MACOSX_DEPLOYMENT_TARGET = 10.15;
				MTL_ENABLE_DEBUG_INFO = NO;
				MTL_FAST_MATH = YES;
				SDKROOT = macosx;
				SWIFT_COMPILATION_MODE = wholemodule;
				SWIFT_OPTIMIZATION_LEVEL = "-O";
			};
			name = Release;
		};
		41EDF28C24E1C7C700FFB199 /* Debug */ = {
			isa = XCBuildConfiguration;
			buildSettings = {
				ASSETCATALOG_COMPILER_APPICON_NAME = AppIcon;
				CODE_SIGN_ENTITLEMENTS = MacVideoNinja/MacVideoNinja.entitlements;
				CODE_SIGN_IDENTITY = "Apple Development";
				CODE_SIGN_STYLE = Automatic;
				COMBINE_HIDPI_IMAGES = YES;
				DEVELOPMENT_TEAM = 44Q9LHQ5T3;
				ENABLE_HARDENED_RUNTIME = YES;
				INFOPLIST_FILE = MacVideoNinja/Info.plist;
				LD_RUNPATH_SEARCH_PATHS = (
					"$(inherited)",
					"@executable_path/../Frameworks",
				);
				PRODUCT_BUNDLE_IDENTIFIER = com.magesteve.MacVideoNinja;
				PRODUCT_NAME = "$(TARGET_NAME)";
				SWIFT_VERSION = 5.0;
			};
			name = Debug;
		};
		41EDF28D24E1C7C700FFB199 /* Release */ = {
			isa = XCBuildConfiguration;
			buildSettings = {
				ASSETCATALOG_COMPILER_APPICON_NAME = AppIcon;
				CODE_SIGN_ENTITLEMENTS = MacVideoNinja/MacVideoNinja.entitlements;
				CODE_SIGN_IDENTITY = "Apple Development";
				CODE_SIGN_STYLE = Automatic;
				COMBINE_HIDPI_IMAGES = YES;
				DEVELOPMENT_TEAM = 44Q9LHQ5T3;
				ENABLE_HARDENED_RUNTIME = YES;
				INFOPLIST_FILE = MacVideoNinja/Info.plist;
				LD_RUNPATH_SEARCH_PATHS = (
					"$(inherited)",
					"@executable_path/../Frameworks",
				);
				PRODUCT_BUNDLE_IDENTIFIER = com.magesteve.MacVideoNinja;
				PRODUCT_NAME = "$(TARGET_NAME)";
				SWIFT_VERSION = 5.0;
			};
			name = Release;
		};
/* End XCBuildConfiguration section */

/* Begin XCConfigurationList section */
		41EDF27624E1C7C600FFB199 /* Build configuration list for PBXProject "MacVideoNinja" */ = {
			isa = XCConfigurationList;
			buildConfigurations = (
				41EDF28924E1C7C700FFB199 /* Debug */,
				41EDF28A24E1C7C700FFB199 /* Release */,
			);
			defaultConfigurationIsVisible = 0;
			defaultConfigurationName = Release;
		};
		41EDF28B24E1C7C700FFB199 /* Build configuration list for PBXNativeTarget "MacVideoNinja" */ = {
			isa = XCConfigurationList;
			buildConfigurations = (
				41EDF28C24E1C7C700FFB199 /* Debug */,
				41EDF28D24E1C7C700FFB199 /* Release */,
			);
			defaultConfigurationIsVisible = 0;
			defaultConfigurationName = Release;
		};
/* End XCConfigurationList section */

/* Begin XCRemoteSwiftPackageReference section */
		418B942A24E880090014101E /* XCRemoteSwiftPackageReference "AVCaptureView" */ = {
			isa = XCRemoteSwiftPackageReference;
			repositoryURL = "https://github.com/magesteve/AVCaptureView.git";
			requirement = {
				kind = upToNextMajorVersion;
				minimumVersion = 1.0.0;
			};
		};
/* End XCRemoteSwiftPackageReference section */

/* Begin XCSwiftPackageProductDependency section */
		418B942B24E880090014101E /* AVCaptureView */ = {
			isa = XCSwiftPackageProductDependency;
			package = 418B942A24E880090014101E /* XCRemoteSwiftPackageReference "AVCaptureView" */;
			productName = AVCaptureView;
		};
/* End XCSwiftPackageProductDependency section */
	};
	rootObject = 41EDF27324E1C7C600FFB199 /* Project object */;
}
